
Microsoft Visual Studio Solution File, Format Version 12.00
# Visual Studio Version 17
VisualStudioVersion = 17.10.35004.147
MinimumVisualStudioVersion = 10.0.40219.1
Project("{2150E333-8FDC-42A3-9474-1A3956D46DE8}") = "Services", "Services", "{2D7215CD-0B07-4497-B35F-B1E0F15568A6}"
EndProject
Project("{2150E333-8FDC-42A3-9474-1A3956D46DE8}") = "SharedLibrary", "SharedLibrary", "{B25F3DE7-617D-4D25-A146-AFC8CA09F4AB}"
EndProject
Project("{2150E333-8FDC-42A3-9474-1A3956D46DE8}") = "Product", "Product", "{154F4BFE-C90A-4890-8D41-48E460967267}"
EndProject
Project("{2150E333-8FDC-42A3-9474-1A3956D46DE8}") = "Order", "Order", "{037036E6-04F6-45FA-A67B-7E811C2A32FC}"
EndProject
Project("{FAE04EC0-301F-11D3-BF4B-00C04F79EFBC}") = "SharedLibrary", "Service\SharedLibrary\SharedLibrary\SharedLibrary.csproj", "{C6F38C9C-0170-4CBE-9490-EA37C7687DA2}"
EndProject
Project("{FAE04EC0-301F-11D3-BF4B-00C04F79EFBC}") = "Product.API", "Services\Product\Product.API\Product.API.csproj", "{9718B5D1-72DE-4ED9-A3D0-2DB4AA471F56}"
EndProject
Project("{FAE04EC0-301F-11D3-BF4B-00C04F79EFBC}") = "Order.API", "Services\Order\Order.API\Order.API.csproj", "{EB054696-8F53-4706-A4AF-2533CAA98EF6}"
EndProject
Global
	GlobalSection(SolutionConfigurationPlatforms) = preSolution
		Debug|Any CPU = Debug|Any CPU
		Release|Any CPU = Release|Any CPU
	EndGlobalSection
	GlobalSection(ProjectConfigurationPlatforms) = postSolution
		{C6F38C9C-0170-4CBE-9490-EA37C7687DA2}.Debug|Any CPU.ActiveCfg = Debug|Any CPU
		{C6F38C9C-0170-4CBE-9490-EA37C7687DA2}.Debug|Any CPU.Build.0 = Debug|Any CPU
		{C6F38C9C-0170-4CBE-9490-EA37C7687DA2}.Release|Any CPU.ActiveCfg = Release|Any CPU
		{C6F38C9C-0170-4CBE-9490-EA37C7687DA2}.Release|Any CPU.Build.0 = Release|Any CPU
		{9718B5D1-72DE-4ED9-A3D0-2DB4AA471F56}.Debug|Any CPU.ActiveCfg = Debug|Any CPU
		{9718B5D1-72DE-4ED9-A3D0-2DB4AA471F56}.Debug|Any CPU.Build.0 = Debug|Any CPU
		{9718B5D1-72DE-4ED9-A3D0-2DB4AA471F56}.Release|Any CPU.ActiveCfg = Release|Any CPU
		{9718B5D1-72DE-4ED9-A3D0-2DB4AA471F56}.Release|Any CPU.Build.0 = Release|Any CPU
		{EB054696-8F53-4706-A4AF-2533CAA98EF6}.Debug|Any CPU.ActiveCfg = Debug|Any CPU
		{EB054696-8F53-4706-A4AF-2533CAA98EF6}.Debug|Any CPU.Build.0 = Debug|Any CPU
		{EB054696-8F53-4706-A4AF-2533CAA98EF6}.Release|Any CPU.ActiveCfg = Release|Any CPU
		{EB054696-8F53-4706-A4AF-2533CAA98EF6}.Release|Any CPU.Build.0 = Release|Any CPU
	EndGlobalSection
	GlobalSection(SolutionProperties) = preSolution
		HideSolutionNode = FALSE
	EndGlobalSection
	GlobalSection(NestedProjects) = preSolution
		{B25F3DE7-617D-4D25-A146-AFC8CA09F4AB} = {2D7215CD-0B07-4497-B35F-B1E0F15568A6}
		{154F4BFE-C90A-4890-8D41-48E460967267} = {2D7215CD-0B07-4497-B35F-B1E0F15568A6}
		{037036E6-04F6-45FA-A67B-7E811C2A32FC} = {2D7215CD-0B07-4497-B35F-B1E0F15568A6}
		{C6F38C9C-0170-4CBE-9490-EA37C7687DA2} = {B25F3DE7-617D-4D25-A146-AFC8CA09F4AB}
		{9718B5D1-72DE-4ED9-A3D0-2DB4AA471F56} = {154F4BFE-C90A-4890-8D41-48E460967267}
		{EB054696-8F53-4706-A4AF-2533CAA98EF6} = {037036E6-04F6-45FA-A67B-7E811C2A32FC}
	EndGlobalSection
	GlobalSection(ExtensibilityGlobals) = postSolution
		SolutionGuid = {F4613C18-B967-4739-B034-877BAD448E90}
	EndGlobalSection
EndGlobal
